
Microsoft Visual Studio Solution File, Format Version 12.00
# Visual Studio Version 17
VisualStudioVersion = 17.8.34330.188
MinimumVisualStudioVersion = 10.0.40219.1
Project("{FAE04EC0-301F-11D3-BF4B-00C04F79EFBC}") = "CSVv2", "CSVv2.csproj", "{6AAE269B-8FF0-42A3-A04A-20A890511182}"
EndProject
Global
	GlobalSection(SolutionConfigurationPlatforms) = preSolution
		Debug|Any CPU = Debug|Any CPU
		Release|Any CPU = Release|Any CPU
	EndGlobalSection
	GlobalSection(ProjectConfigurationPlatforms) = postSolution
		{6AAE269B-8FF0-42A3-A04A-20A890511182}.Debug|Any CPU.ActiveCfg = Debug|Any CPU
		{6AAE269B-8FF0-42A3-A04A-20A890511182}.Debug|Any CPU.Build.0 = Debug|Any CPU
		{6AAE269B-8FF0-42A3-A04A-20A890511182}.Release|Any CPU.ActiveCfg = Release|Any CPU
		{6AAE269B-8FF0-42A3-A04A-20A890511182}.Release|Any CPU.Build.0 = Release|Any CPU
	EndGlobalSection
	GlobalSection(SolutionProperties) = preSolution
		HideSolutionNode = FALSE
	EndGlobalSection
	GlobalSection(ExtensibilityGlobals) = postSolution
		SolutionGuid = {E83F59F6-22B0-4F83-B46B-4E1BBA40BF05}
	EndGlobalSection
EndGlobal
